<?xml version="1.0" encoding="UTF-8"?>
<CONFIG>
  <ProjectOptions>
    <Version Value="9"/>
    <General>
      <Flags>
        <AlwaysBuild Value="True"/>
      </Flags>
      <MainUnit Value="0"/>
      <Title Value="Main"/>
      <UseXPManifest Value="True"/>
      <XPManifest>
        <DpiAware Value="True"/>
      </XPManifest>
      <Icon Value="0"/>
      <ActiveWindowIndexAtStart Value="0"/>
    </General>
    <i18n>
      <EnableI18N LFM="False"/>
    </i18n>
    <VersionInfo>
      <UseVersionInfo Value="True"/>
      <AutoIncrementBuild Value="True"/>
      <BuildNr Value="1"/>
      <Attributes pvaDebug="True"/>
      <StringTable ProductVersion=""/>
    </VersionInfo>
    <BuildModes Count="4" Active="Debug">
      <Item1 Name="Debug" Default="True"/>
      <Item2 Name="Release">
        <CompilerOptions>
          <Version Value="11"/>
          <Target>
            <Filename Value="Main"/>
          </Target>
          <SearchPaths>
            <IncludeFiles Value="$(ProjOutDir)"/>
            <UnitOutputDirectory Value="lib/$(TargetCPU)-$(TargetOS)"/>
          </SearchPaths>
          <CodeGeneration>
            <SmartLinkUnit Value="True"/>
            <Optimizations>
              <OptimizationLevel Value="3"/>
            </Optimizations>
          </CodeGeneration>
          <Linking>
            <Debugging>
              <GenerateDebugInfo Value="False"/>
            </Debugging>
            <LinkSmart Value="True"/>
            <Options>
              <Win32>
                <GraphicApplication Value="True"/>
              </Win32>
            </Options>
          </Linking>
          <Other>
            <CompilerPath Value="$(CompPath)"/>
          </Other>
        </CompilerOptions>
      </Item2>
      <Item3 Name="Debug-win">
        <CompilerOptions>
          <Version Value="11"/>
          <Target>
            <Filename Value="Main"/>
          </Target>
          <SearchPaths>
            <IncludeFiles Value="$(ProjOutDir)"/>
            <UnitOutputDirectory Value="lib/$(TargetCPU)-$(TargetOS)"/>
          </SearchPaths>
          <Parsing>
            <SyntaxOptions>
              <IncludeAssertionCode Value="True"/>
            </SyntaxOptions>
          </Parsing>
          <CodeGeneration>
            <Checks>
              <IOChecks Value="True"/>
              <RangeChecks Value="True"/>
              <OverflowChecks Value="True"/>
              <StackChecks Value="True"/>
            </Checks>
            <TargetCPU Value="x86_64"/>
            <TargetOS Value="win64"/>
          </CodeGeneration>
          <Linking>
            <Debugging>
              <DebugInfoType Value="dsDwarf2Set"/>
              <UseHeaptrc Value="True"/>
              <UseExternalDbgSyms Value="True"/>
            </Debugging>
            <Options>
              <Win32>
                <GraphicApplication Value="True"/>
              </Win32>
            </Options>
          </Linking>
          <Other>
            <CompilerPath Value="$(CompPath)"/>
          </Other>
        </CompilerOptions>
      </Item3>
      <Item4 Name="Release-win">
        <CompilerOptions>
          <Version Value="11"/>
          <Target>
            <Filename Value="Main"/>
          </Target>
          <SearchPaths>
            <IncludeFiles Value="$(ProjOutDir)"/>
            <UnitOutputDirectory Value="lib/$(TargetCPU)-$(TargetOS)"/>
          </SearchPaths>
          <CodeGeneration>
            <SmartLinkUnit Value="True"/>
            <TargetCPU Value="x86_64"/>
            <TargetOS Value="win64"/>
            <Optimizations>
              <OptimizationLevel Value="3"/>
            </Optimizations>
          </CodeGeneration>
          <Linking>
            <Debugging>
              <GenerateDebugInfo Value="False"/>
            </Debugging>
            <LinkSmart Value="True"/>
            <Options>
              <Win32>
                <GraphicApplication Value="True"/>
              </Win32>
            </Options>
          </Linking>
          <Other>
            <CompilerPath Value="$(CompPath)"/>
          </Other>
        </CompilerOptions>
      </Item4>
    </BuildModes>
    <PublishOptions>
      <Version Value="2"/>
    </PublishOptions>
    <RunParams>
      <local>
        <FormatVersion Value="1"/>
      </local>
    </RunParams>
    <RequiredPackages Count="5">
      <Item1>
        <PackageName Value="BGRABitmapPack"/>
      </Item1>
      <Item2>
        <PackageName Value="FCL"/>
      </Item2>
      <Item3>
        <PackageName Value="bgracontrols"/>
      </Item3>
      <Item4>
        <PackageName Value="my_drawgrid"/>
      </Item4>
      <Item5>
        <PackageName Value="LCL"/>
      </Item5>
    </RequiredPackages>
    <Units Count="21">
      <Unit0>
        <Filename Value="Main.lpr"/>
        <IsPartOfProject Value="True"/>
        <EditorIndex Value="1"/>
        <WindowIndex Value="0"/>
        <TopLine Value="1"/>
        <CursorPos X="59" Y="19"/>
        <UsageCount Value="35"/>
        <Loaded Value="True"/>
      </Unit0>
      <Unit1>
        <Filename Value="main_code.pas"/>
        <IsPartOfProject Value="True"/>
        <ComponentName Value="Form1"/>
        <HasResources Value="True"/>
        <ResourceBaseClass Value="Form"/>
        <UnitName Value="main_code"/>
        <EditorIndex Value="0"/>
        <WindowIndex Value="0"/>
        <TopLine Value="61"/>
        <CursorPos X="22" Y="215"/>
        <UsageCount Value="35"/>
        <Loaded Value="True"/>
      </Unit1>
      <Unit2>
        <Filename Value="data.pas"/>
        <IsPartOfProject Value="True"/>
        <UnitName Value="Data"/>
        <EditorIndex Value="5"/>
        <WindowIndex Value="0"/>
        <TopLine Value="338"/>
        <CursorPos X="13" Y="303"/>
        <UsageCount Value="35"/>
        <Loaded Value="True"/>
      </Unit2>
      <Unit3>
        <Filename Value="versionsupport.pas"/>
        <IsPartOfProject Value="True"/>
        <UsageCount Value="35"/>
      </Unit3>
      <Unit4>
        <Filename Value="uabout.pas"/>
        <IsPartOfProject Value="True"/>
        <ComponentName Value="frmAbout"/>
        <HasResources Value="True"/>
        <ResourceBaseClass Value="Form"/>
        <UsageCount Value="35"/>
      </Unit4>
      <Unit5>
        <Filename Value="settings.pas"/>
        <IsPartOfProject Value="True"/>
        <ComponentName Value="frmSettings"/>
        <HasResources Value="True"/>
        <ResourceBaseClass Value="Form"/>
        <UnitName Value="settings"/>
        <TopLine Value="79"/>
        <CursorPos X="7" Y="124"/>
        <UsageCount Value="35"/>
      </Unit5>
      <Unit6>
        <Filename Value="projector.pas"/>
        <IsPartOfProject Value="True"/>
        <ComponentName Value="frmProjector"/>
        <HasResources Value="True"/>
        <ResourceBaseClass Value="Form"/>
        <UnitName Value="Projector"/>
        <EditorIndex Value="2"/>
        <WindowIndex Value="0"/>
        <TopLine Value="1"/>
        <CursorPos X="15" Y="26"/>
        <UsageCount Value="35"/>
        <Loaded Value="True"/>
      </Unit6>
      <Unit7>
        <Filename Value="../../lazarus/lcl/forms.pp"/>
        <TopLine Value="700"/>
        <CursorPos X="15" Y="717"/>
        <UsageCount Value="9"/>
      </Unit7>
      <Unit8>
        <Filename Value="../../lazarus/lcl/include/customform.inc"/>
        <TopLine Value="2433"/>
        <CursorPos X="6" Y="2373"/>
        <UsageCount Value="9"/>
      </Unit8>
      <Unit9>
        <Filename Value="../../Downloads/bgra-controls-3.2-20140421/bcbutton.pas"/>
        <TopLine Value="82"/>
        <CursorPos X="33" Y="97"/>
        <UsageCount Value="9"/>
      </Unit9>
      <Unit10>
        <Filename Value="../../Downloads/bgra-controls-3.2-20140421/bcbasectrls.pas"/>
        <TopLine Value="66"/>
        <CursorPos X="35" Y="81"/>
        <UsageCount Value="9"/>
      </Unit10>
      <Unit11>
        <Filename Value="../../lazarus/lcl/controls.pp"/>
        <TopLine Value="1008"/>
        <CursorPos X="3" Y="1023"/>
        <UsageCount Value="9"/>
      </Unit11>
      <Unit12>
        <Filename Value="../../lazarus/lcl/graphics.pp"/>
        <TopLine Value="85"/>
        <CursorPos X="25" Y="100"/>
        <UsageCount Value="9"/>
      </Unit12>
      <Unit13>
        <Filename Value="../../fpc/share/src/fpc-2.6.4/fpc/rtl/objpas/classes/classesh.inc"/>
        <WindowIndex Value="1"/>
        <TopLine Value="67"/>
        <CursorPos X="3" Y="94"/>
        <UsageCount Value="9"/>
      </Unit13>
      <Unit14>
        <Filename Value="G:/timmy/Desktop/customlpks/mydrawgrid.pas"/>
        <UnitName Value="MyDrawGrid"/>
        <TopLine Value="202"/>
        <CursorPos X="20" Y="217"/>
        <UsageCount Value="10"/>
      </Unit14>
      <Unit15>
        <Filename Value="G:/timmy/Desktop/customlpks/mydrawgrid.pas"/>
        <UnitName Value="MyDrawGrid"/>
        <IsVisibleTab Value="True"/>
        <EditorIndex Value="4"/>
        <WindowIndex Value="0"/>
        <TopLine Value="173"/>
        <CursorPos X="9" Y="188"/>
        <UsageCount Value="10"/>
        <Loaded Value="True"/>
      </Unit15>
      <Unit16>
        <Filename Value="../../../../lazarus/lcl/grids.pas"/>
        <UnitName Value="Grids"/>
        <WindowIndex Value="0"/>
        <TopLine Value="1060"/>
        <CursorPos X="43" Y="1073"/>
        <UsageCount Value="10"/>
      </Unit16>
      <Unit17>
        <Filename Value="../../../../lazarus/lcl/controls.pp"/>
        <UnitName Value="Controls"/>
        <WindowIndex Value="0"/>
        <TopLine Value="1619"/>
        <CursorPos X="14" Y="1633"/>
        <UsageCount Value="10"/>
      </Unit17>
      <Unit18>
        <Filename Value="../../../../lazarus/lcl/dialogs.pp"/>
        <UnitName Value="Dialogs"/>
        <WindowIndex Value="0"/>
        <TopLine Value="16"/>
        <CursorPos X="24" Y="55"/>
        <UsageCount Value="10"/>
      </Unit18>
      <Unit19>
        <Filename Value="slideeditor.pas"/>
        <ComponentName Value="Form2"/>
        <HasResources Value="True"/>
        <ResourceBaseClass Value="Form"/>
        <UnitName Value="slideeditor"/>
        <WindowIndex Value="0"/>
        <TopLine Value="9"/>
        <CursorPos X="1" Y="39"/>
        <UsageCount Value="21"/>
      </Unit19>
      <Unit20>
        <Filename Value="slideeditor.pas"/>
        <IsPartOfProject Value="True"/>
        <ComponentName Value="frmSlideEditor"/>
        <ResourceBaseClass Value="Form"/>
        <UnitName Value="slideeditor"/>
        <EditorIndex Value="3"/>
        <WindowIndex Value="0"/>
        <TopLine Value="11"/>
        <CursorPos X="18" Y="38"/>
        <UsageCount Value="21"/>
        <Loaded Value="True"/>
        <LoadedDesigner Value="True"/>
      </Unit20>
    </Units>
    <JumpHistory Count="25" HistoryIndex="24">
      <Position1>
        <Filename Value="main_code.pas"/>
        <Caret Line="150" Column="8" TopLine="150"/>
      </Position1>
      <Position2>
        <Filename Value="main_code.pas"/>
        <Caret Line="213" Column="10" TopLine="191"/>
      </Position2>
      <Position3>
        <Filename Value="main_code.pas"/>
        <Caret Line="77" Column="49" TopLine="104"/>
      </Position3>
      <Position4>
        <Filename Value="slideeditor.pas"/>
        <Caret Line="19" Column="4" TopLine="1"/>
      </Position4>
      <Position5>
        <Filename Value="slideeditor.pas"/>
        <Caret Line="28" Column="18" TopLine="1"/>
      </Position5>
      <Position6>
        <Filename Value="slideeditor.pas"/>
        <Caret Line="25" Column="6" TopLine="4"/>
      </Position6>
      <Position7>
        <Filename Value="slideeditor.pas"/>
        <Caret Line="39" Column="4" TopLine="12"/>
      </Position7>
      <Position8>
        <Filename Value="slideeditor.pas"/>
        <Caret Line="25" Column="17" TopLine="9"/>
      </Position8>
      <Position9>
        <Filename Value="Main.lpr"/>
        <Caret Line="19" Column="50" TopLine="1"/>
      </Position9>
      <Position10>
        <Filename Value="slideeditor.pas"/>
        <Caret Line="20" Column="35" TopLine="1"/>
      </Position10>
      <Position11>
        <Filename Value="slideeditor.pas"/>
        <Caret Line="1" Column="17" TopLine="1"/>
      </Position11>
      <Position12>
        <Filename Value="slideeditor.pas"/>
        <Caret Line="34" Column="26" TopLine="11"/>
      </Position12>
      <Position13>
        <Filename Value="slideeditor.pas"/>
        <Caret Line="38" Column="4" TopLine="11"/>
      </Position13>
      <Position14>
        <Filename Value="G:/timmy/Desktop/customlpks/mydrawgrid.pas"/>
        <Caret Line="226" Column="19" TopLine="207"/>
      </Position14>
      <Position15>
        <Filename Value="G:/timmy/Desktop/customlpks/mydrawgrid.pas"/>
        <Caret Line="224" Column="23" TopLine="209"/>
      </Position15>
      <Position16>
        <Filename Value="G:/timmy/Desktop/customlpks/mydrawgrid.pas"/>
        <Caret Line="29" Column="20" TopLine="21"/>
      </Position16>
      <Position17>
        <Filename Value="G:/timmy/Desktop/customlpks/mydrawgrid.pas"/>
        <Caret Line="221" Column="30" TopLine="198"/>
      </Position17>
      <Position18>
        <Filename Value="G:/timmy/Desktop/customlpks/mydrawgrid.pas"/>
        <Caret Line="28" Column="14" TopLine="13"/>
      </Position18>
      <Position19>
        <Filename Value="G:/timmy/Desktop/customlpks/mydrawgrid.pas"/>
        <Caret Line="41" Column="63" TopLine="16"/>
      </Position19>
      <Position20>
        <Filename Value="G:/timmy/Desktop/customlpks/mydrawgrid.pas"/>
        <Caret Line="188" Column="16" TopLine="174"/>
      </Position20>
      <Position21>
        <Filename Value="G:/timmy/Desktop/customlpks/mydrawgrid.pas"/>
        <Caret Line="221" Column="22" TopLine="205"/>
      </Position21>
      <Position22>
        <Filename Value="G:/timmy/Desktop/customlpks/mydrawgrid.pas"/>
        <Caret Line="41" Column="64" TopLine="27"/>
      </Position22>
      <Position23>
        <Filename Value="G:/timmy/Desktop/customlpks/mydrawgrid.pas"/>
        <Caret Line="221" Column="25" TopLine="206"/>
      </Position23>
      <Position24>
        <Filename Value="G:/timmy/Desktop/customlpks/mydrawgrid.pas"/>
        <Caret Line="28" Column="16" TopLine="13"/>
      </Position24>
      <Position25>
        <Filename Value="G:/timmy/Desktop/customlpks/mydrawgrid.pas"/>
        <Caret Line="188" Column="17" TopLine="176"/>
      </Position25>
    </JumpHistory>
  </ProjectOptions>
  <CompilerOptions>
    <Version Value="11"/>
    <Target>
      <Filename Value="Main"/>
    </Target>
    <SearchPaths>
      <IncludeFiles Value="$(ProjOutDir)"/>
      <UnitOutputDirectory Value="lib/$(TargetCPU)-$(TargetOS)"/>
    </SearchPaths>
    <Parsing>
      <SyntaxOptions>
        <IncludeAssertionCode Value="True"/>
      </SyntaxOptions>
    </Parsing>
    <CodeGeneration>
      <Checks>
        <IOChecks Value="True"/>
        <RangeChecks Value="True"/>
        <OverflowChecks Value="True"/>
        <StackChecks Value="True"/>
      </Checks>
    </CodeGeneration>
    <Linking>
      <Debugging>
        <DebugInfoType Value="dsDwarf2Set"/>
        <UseHeaptrc Value="True"/>
        <UseExternalDbgSyms Value="True"/>
      </Debugging>
      <Options>
        <Win32>
          <GraphicApplication Value="True"/>
        </Win32>
      </Options>
    </Linking>
    <Other>
      <CompilerPath Value="$(CompPath)"/>
    </Other>
  </CompilerOptions>
  <Debugging>
    <Exceptions Count="4">
      <Item1>
        <Name Value="EAbort"/>
      </Item1>
      <Item2>
        <Name Value="ECodetoolError"/>
      </Item2>
      <Item3>
        <Name Value="EFOpenError"/>
      </Item3>
      <Item4>
        <Name Value="Exception"/>
      </Item4>
    </Exceptions>
  </Debugging>
  <EditorMacros Count="0"/>
</CONFIG>
