<?xml version="1.0" encoding="UTF-8"?>
<CONFIG>
  <ProjectOptions>
    <Version Value="9"/>
    <General>
      <Flags>
        <AlwaysBuild Value="True"/>
      </Flags>
      <MainUnit Value="0"/>
      <Title Value="Main"/>
      <UseXPManifest Value="True"/>
      <XPManifest>
        <DpiAware Value="True"/>
      </XPManifest>
    </General>
    <i18n>
      <EnableI18N LFM="False"/>
    </i18n>
    <VersionInfo>
      <UseVersionInfo Value="True"/>
      <AutoIncrementBuild Value="True"/>
      <BuildNr Value="18"/>
      <Attributes pvaDebug="True"/>
      <StringTable ProductVersion=""/>
    </VersionInfo>
    <BuildModes Count="4" Active="Debug">
      <Item1 Name="Debug" Default="True"/>
      <Item2 Name="Release">
        <CompilerOptions>
          <Version Value="11"/>
          <Target>
            <Filename Value="Main"/>
          </Target>
          <SearchPaths>
            <IncludeFiles Value="$(ProjOutDir)"/>
            <UnitOutputDirectory Value="lib/$(TargetCPU)-$(TargetOS)"/>
          </SearchPaths>
          <CodeGeneration>
            <SmartLinkUnit Value="True"/>
            <Optimizations>
              <OptimizationLevel Value="3"/>
            </Optimizations>
            <SmallerCode Value="True"/>
          </CodeGeneration>
          <Linking>
            <Debugging>
              <GenerateDebugInfo Value="False"/>
            </Debugging>
            <LinkSmart Value="True"/>
            <Options>
              <Win32>
                <GraphicApplication Value="True"/>
              </Win32>
            </Options>
          </Linking>
        </CompilerOptions>
      </Item2>
      <Item3 Name="Debug-win">
        <CompilerOptions>
          <Version Value="11"/>
          <Target>
            <Filename Value="Main"/>
          </Target>
          <SearchPaths>
            <IncludeFiles Value="$(ProjOutDir)"/>
            <UnitOutputDirectory Value="lib/$(TargetCPU)-$(TargetOS)"/>
          </SearchPaths>
          <Parsing>
            <SyntaxOptions>
              <IncludeAssertionCode Value="True"/>
            </SyntaxOptions>
          </Parsing>
          <CodeGeneration>
            <Checks>
              <IOChecks Value="True"/>
              <RangeChecks Value="True"/>
              <OverflowChecks Value="True"/>
              <StackChecks Value="True"/>
            </Checks>
            <TargetCPU Value="x86_64"/>
            <TargetOS Value="win64"/>
          </CodeGeneration>
          <Linking>
            <Debugging>
              <DebugInfoType Value="dsDwarf2Set"/>
              <UseHeaptrc Value="True"/>
              <UseExternalDbgSyms Value="True"/>
            </Debugging>
            <Options>
              <Win32>
                <GraphicApplication Value="True"/>
              </Win32>
            </Options>
          </Linking>
        </CompilerOptions>
      </Item3>
      <Item4 Name="Release-win">
        <CompilerOptions>
          <Version Value="11"/>
          <Target>
            <Filename Value="Main"/>
          </Target>
          <SearchPaths>
            <IncludeFiles Value="$(ProjOutDir)"/>
            <UnitOutputDirectory Value="lib/$(TargetCPU)-$(TargetOS)"/>
          </SearchPaths>
          <CodeGeneration>
            <SmartLinkUnit Value="True"/>
            <TargetCPU Value="x86_64"/>
            <TargetOS Value="win64"/>
            <Optimizations>
              <OptimizationLevel Value="3"/>
            </Optimizations>
            <SmallerCode Value="True"/>
          </CodeGeneration>
          <Linking>
            <Debugging>
              <GenerateDebugInfo Value="False"/>
            </Debugging>
            <LinkSmart Value="True"/>
            <Options>
              <Win32>
                <GraphicApplication Value="True"/>
              </Win32>
            </Options>
          </Linking>
        </CompilerOptions>
      </Item4>
    </BuildModes>
    <PublishOptions>
      <Version Value="2"/>
    </PublishOptions>
    <RunParams>
      <local>
        <FormatVersion Value="1"/>
      </local>
    </RunParams>
    <RequiredPackages Count="6">
      <Item1>
        <PackageName Value="PasLibVlcPlayer"/>
      </Item1>
      <Item2>
        <PackageName Value="bgracontrols"/>
      </Item2>
      <Item3>
        <PackageName Value="my_drawgrid"/>
      </Item3>
      <Item4>
        <PackageName Value="BGRABitmapPack"/>
      </Item4>
      <Item5>
        <PackageName Value="FCL"/>
      </Item5>
      <Item6>
        <PackageName Value="LCL"/>
      </Item6>
    </RequiredPackages>
    <Units Count="108">
      <Unit0>
        <Filename Value="Main.lpr"/>
        <IsPartOfProject Value="True"/>
        <EditorIndex Value="-1"/>
        <CursorPos X="50" Y="7"/>
        <UsageCount Value="165"/>
      </Unit0>
      <Unit1>
        <Filename Value="main_code.pas"/>
        <IsPartOfProject Value="True"/>
        <ComponentName Value="Form1"/>
        <HasResources Value="True"/>
        <ResourceBaseClass Value="Form"/>
        <UnitName Value="main_code"/>
        <EditorIndex Value="1"/>
        <TopLine Value="53"/>
        <CursorPos Y="222"/>
        <UsageCount Value="165"/>
        <Loaded Value="True"/>
      </Unit1>
      <Unit2>
        <Filename Value="data.pas"/>
        <IsPartOfProject Value="True"/>
        <UnitName Value="Data"/>
        <IsVisibleTab Value="True"/>
        <TopLine Value="281"/>
        <CursorPos X="56" Y="317"/>
        <UsageCount Value="165"/>
        <Loaded Value="True"/>
      </Unit2>
      <Unit3>
        <Filename Value="versionsupport.pas"/>
        <IsPartOfProject Value="True"/>
        <EditorIndex Value="-1"/>
        <UsageCount Value="165"/>
      </Unit3>
      <Unit4>
        <Filename Value="uabout.pas"/>
        <IsPartOfProject Value="True"/>
        <ComponentName Value="frmAbout"/>
        <HasResources Value="True"/>
        <ResourceBaseClass Value="Form"/>
        <EditorIndex Value="-1"/>
        <UsageCount Value="165"/>
      </Unit4>
      <Unit5>
        <Filename Value="settings.pas"/>
        <IsPartOfProject Value="True"/>
        <ComponentName Value="frmSettings"/>
        <HasResources Value="True"/>
        <ResourceBaseClass Value="Form"/>
        <EditorIndex Value="-1"/>
        <TopLine Value="92"/>
        <CursorPos X="3" Y="122"/>
        <UsageCount Value="165"/>
      </Unit5>
      <Unit6>
        <Filename Value="projector.pas"/>
        <IsPartOfProject Value="True"/>
        <ComponentName Value="frmProjector"/>
        <HasResources Value="True"/>
        <ResourceBaseClass Value="Form"/>
        <UnitName Value="Projector"/>
        <EditorIndex Value="-1"/>
        <CursorPos X="59" Y="26"/>
        <UsageCount Value="165"/>
      </Unit6>
      <Unit7>
        <Filename Value="../../lazarus/lcl/controls.pp"/>
        <EditorIndex Value="-1"/>
        <TopLine Value="1119"/>
        <CursorPos X="14" Y="1134"/>
        <UsageCount Value="10"/>
      </Unit7>
      <Unit8>
        <Filename Value="../../lazarus/lcl/graphics.pp"/>
        <EditorIndex Value="-1"/>
        <TopLine Value="1147"/>
        <CursorPos X="15" Y="1162"/>
        <UsageCount Value="2"/>
      </Unit8>
      <Unit9>
        <Filename Value="../../fpc/share/src/fpc-2.6.4/fpc/rtl/objpas/classes/classesh.inc"/>
        <EditorIndex Value="-1"/>
        <TopLine Value="420"/>
        <CursorPos X="16" Y="436"/>
        <UsageCount Value="2"/>
      </Unit9>
      <Unit10>
        <Filename Value="G:/timmy/Desktop/customlpks/mydrawgrid.pas"/>
        <TopLine Value="202"/>
        <CursorPos X="20" Y="217"/>
        <UsageCount Value="1"/>
      </Unit10>
      <Unit11>
        <Filename Value="/lazarus/lcl/grids.pas"/>
        <TopLine Value="1060"/>
        <CursorPos X="43" Y="1073"/>
        <UsageCount Value="1"/>
      </Unit11>
      <Unit12>
        <Filename Value="/lazarus/lcl/controls.pp"/>
        <TopLine Value="1619"/>
        <CursorPos X="14" Y="1633"/>
        <UsageCount Value="1"/>
      </Unit12>
      <Unit13>
        <Filename Value="/lazarus/lcl/dialogs.pp"/>
        <TopLine Value="16"/>
        <CursorPos X="24" Y="55"/>
        <UsageCount Value="1"/>
      </Unit13>
      <Unit14>
        <Filename Value="slideeditor.pas"/>
        <IsPartOfProject Value="True"/>
        <ComponentName Value="frmSlideEditor"/>
        <HasResources Value="True"/>
        <ResourceBaseClass Value="Form"/>
        <EditorIndex Value="-1"/>
        <TopLine Value="42"/>
        <CursorPos X="3" Y="67"/>
        <UsageCount Value="150"/>
      </Unit14>
      <Unit15>
        <Filename Value="../customlpks/mydrawgrid.pas"/>
        <EditorIndex Value="-1"/>
        <TopLine Value="190"/>
        <CursorPos X="20" Y="217"/>
        <UsageCount Value="3"/>
      </Unit15>
      <Unit16>
        <Filename Value="../../Downloads/bgra-controls-3.2-20140421/bgragraphiccontrol.pas"/>
        <TopLine Value="37"/>
        <CursorPos X="14" Y="51"/>
        <UsageCount Value="1"/>
      </Unit16>
      <Unit17>
        <Filename Value="../../Downloads/bgrabitmap/bgradefaultbitmap.pas"/>
        <EditorIndex Value="-1"/>
        <TopLine Value="399"/>
        <CursorPos X="18" Y="423"/>
        <UsageCount Value="15"/>
      </Unit17>
      <Unit18>
        <Filename Value="../../Downloads/bgrabitmap/bgrabitmaptypes.pas"/>
        <EditorIndex Value="-1"/>
        <TopLine Value="560"/>
        <CursorPos X="16" Y="575"/>
        <UsageCount Value="9"/>
      </Unit18>
      <Unit19>
        <Filename Value="../../lazarus/lcl/include/imglist.inc"/>
        <EditorIndex Value="-1"/>
        <TopLine Value="173"/>
        <CursorPos X="3" Y="227"/>
        <UsageCount Value="5"/>
      </Unit19>
      <Unit20>
        <Filename Value="../../lazarus/lcl/grids.pas"/>
        <EditorIndex Value="-1"/>
        <WindowIndex Value="-1"/>
        <TopLine Value="10079"/>
        <CursorPos X="21" Y="10181"/>
        <UsageCount Value="21"/>
      </Unit20>
      <Unit21>
        <Filename Value="../../lazarus/lcl/include/winapih.inc"/>
        <EditorIndex Value="-1"/>
        <TopLine Value="155"/>
        <CursorPos X="10" Y="171"/>
        <UsageCount Value="2"/>
      </Unit21>
      <Unit22>
        <Filename Value="../../lazarus/lcl/lclproc.pas"/>
        <EditorIndex Value="-1"/>
        <TopLine Value="168"/>
        <CursorPos X="11" Y="183"/>
        <UsageCount Value="9"/>
      </Unit22>
      <Unit23>
        <Filename Value="/lazarus/lcl/dynamicarray.pas"/>
        <TopLine Value="80"/>
        <CursorPos X="11" Y="90"/>
        <UsageCount Value="1"/>
      </Unit23>
      <Unit24>
        <Filename Value="G:/timmy/Downloads/bgrabitmap/bgradefaultbitmap.pas"/>
        <TopLine Value="701"/>
        <CursorPos X="29" Y="716"/>
        <UsageCount Value="3"/>
      </Unit24>
      <Unit25>
        <Filename Value="G:/timmy/Downloads/bgrabitmap/bgrabitmaptypes.pas"/>
        <TopLine Value="367"/>
        <CursorPos X="24" Y="383"/>
        <UsageCount Value="2"/>
      </Unit25>
      <Unit26>
        <Filename Value="G:/timmy/Downloads/bgrabitmap/bgrabitmap.pas"/>
        <TopLine Value="54"/>
        <CursorPos X="23" Y="69"/>
        <UsageCount Value="3"/>
      </Unit26>
      <Unit27>
        <Filename Value="G:/timmy/Downloads/bgrabitmap/bgrawinbitmap.pas"/>
        <TopLine Value="170"/>
        <CursorPos X="31" Y="36"/>
        <UsageCount Value="3"/>
      </Unit27>
      <Unit28>
        <Filename Value="G:/timmy/Downloads/bgrabitmap/bgraresample.pas"/>
        <TopLine Value="850"/>
        <CursorPos X="23" Y="878"/>
        <UsageCount Value="2"/>
      </Unit28>
      <Unit29>
        <Filename Value="../../fpc/share/src/fpc-2.6.4/fpc/rtl/inc/objpash.inc"/>
        <EditorIndex Value="-1"/>
        <TopLine Value="179"/>
        <CursorPos X="22" Y="195"/>
        <UsageCount Value="2"/>
      </Unit29>
      <Unit30>
        <Filename Value="../../fpc/share/src/fpc-2.6.4/fpc/rtl/inc/objpas.inc"/>
        <EditorIndex Value="-1"/>
        <TopLine Value="279"/>
        <CursorPos X="9" Y="281"/>
        <UsageCount Value="2"/>
      </Unit30>
      <Unit31>
        <Filename Value="../../fpc/share/src/fpc-2.6.4/fpc/packages/fcl-image/src/fpimage.pp"/>
        <EditorIndex Value="-1"/>
        <TopLine Value="111"/>
        <CursorPos X="18" Y="126"/>
        <UsageCount Value="2"/>
      </Unit31>
      <Unit32>
        <Filename Value="../../fpc/share/src/fpc-2.6.4/fpc/packages/fcl-image/src/fpimage.inc"/>
        <EditorIndex Value="-1"/>
        <TopLine Value="27"/>
        <CursorPos X="7" Y="32"/>
        <UsageCount Value="2"/>
      </Unit32>
      <Unit33>
        <Filename Value="../../fpc/share/src/fpc-2.6.4/fpc/rtl/objpas/classes/persist.inc"/>
        <EditorIndex Value="-1"/>
        <TopLine Value="52"/>
        <CursorPos X="15" Y="59"/>
        <UsageCount Value="2"/>
      </Unit33>
      <Unit34>
        <Filename Value="../../Downloads/bgrabitmap/bgraresample.pas"/>
        <EditorIndex Value="-1"/>
        <TopLine Value="1176"/>
        <CursorPos X="29" Y="1193"/>
        <UsageCount Value="15"/>
        <Bookmarks Count="1">
          <Item0 X="12" Y="918"/>
        </Bookmarks>
      </Unit34>
      <Unit35>
        <Filename Value="../../lazarus/lcl/include/intfbasewinapi.inc"/>
        <EditorIndex Value="-1"/>
        <TopLine Value="1577"/>
        <CursorPos X="3" Y="1579"/>
        <UsageCount Value="2"/>
      </Unit35>
      <Unit36>
        <Filename Value="../../lazarus/lcl/include/winapi.inc"/>
        <EditorIndex Value="-1"/>
        <TopLine Value="609"/>
        <CursorPos X="31" Y="611"/>
        <UsageCount Value="2"/>
      </Unit36>
      <Unit37>
        <Filename Value="../MyDrawGrid/mydrawgrid.pas"/>
        <UnitName Value="MyDrawGrid"/>
        <EditorIndex Value="2"/>
        <TopLine Value="20"/>
        <CursorPos X="19" Y="41"/>
        <UsageCount Value="60"/>
        <Loaded Value="True"/>
      </Unit37>
      <Unit38>
        <Filename Value="resize.pas"/>
        <UnitName Value="resize"/>
        <EditorIndex Value="-1"/>
        <UsageCount Value="42"/>
      </Unit38>
      <Unit39>
        <Filename Value="../MyDrawGrid/resize.pas"/>
        <EditorIndex Value="-1"/>
        <UsageCount Value="15"/>
      </Unit39>
      <Unit40>
        <Filename Value="../../lazarus/components/lazutils/paswstring.pas"/>
        <EditorIndex Value="-1"/>
        <WindowIndex Value="-1"/>
        <TopLine Value="24"/>
        <CursorPos X="11" Y="34"/>
        <UsageCount Value="2"/>
      </Unit40>
      <Unit41>
        <Filename Value="../../fpc/share/src/fpc-2.7.1/fpc/rtl/inc/ustringh.inc"/>
        <EditorIndex Value="-1"/>
        <TopLine Value="51"/>
        <CursorPos X="61" Y="66"/>
        <UsageCount Value="2"/>
      </Unit41>
      <Unit42>
        <Filename Value="../../Downloads/bgrabitmap/bgraanimatedgif.pas"/>
        <EditorIndex Value="-1"/>
        <CursorPos X="22" Y="13"/>
        <UsageCount Value="2"/>
      </Unit42>
      <Unit43>
        <Filename Value="../../lazarus/components/synedit/synedit.pp"/>
        <EditorIndex Value="-1"/>
        <TopLine Value="5103"/>
        <CursorPos Y="5119"/>
        <UsageCount Value="4"/>
      </Unit43>
      <Unit44>
        <Filename Value="../../freepascal/rtl/inc/except.inc"/>
        <EditorIndex Value="-1"/>
        <TopLine Value="164"/>
        <CursorPos Y="181"/>
        <UsageCount Value="4"/>
      </Unit44>
      <Unit45>
        <Filename Value="../../Downloads/bgrabitmap/bgrastreamlayers.pas"/>
        <EditorIndex Value="-1"/>
        <TopLine Value="215"/>
        <CursorPos X="31" Y="231"/>
        <UsageCount Value="2"/>
      </Unit45>
      <Unit46>
        <Filename Value="../../fpc/share/src/fpc-2.7.1/fpc/packages/fcl-image/src/fpimage.pp"/>
        <EditorIndex Value="-1"/>
        <TopLine Value="108"/>
        <CursorPos X="19" Y="125"/>
        <UsageCount Value="2"/>
      </Unit46>
      <Unit47>
        <Filename Value="../../fpc/share/src/fpc-2.7.1/fpc/packages/fcl-image/src/fpimage.inc"/>
        <EditorIndex Value="-1"/>
        <TopLine Value="235"/>
        <CursorPos X="3" Y="237"/>
        <UsageCount Value="2"/>
      </Unit47>
      <Unit48>
        <Filename Value="../../fpc/share/src/fpc-2.7.1/fpc/rtl/inc/objpash.inc"/>
        <EditorIndex Value="-1"/>
        <TopLine Value="177"/>
        <CursorPos X="23" Y="193"/>
        <UsageCount Value="2"/>
      </Unit48>
      <Unit49>
        <Filename Value="../../freepascal/packages/fcl-image/src/fpimage.inc"/>
        <EditorIndex Value="-1"/>
        <CursorPos X="96" Y="14"/>
        <UsageCount Value="3"/>
      </Unit49>
      <Unit50>
        <Filename Value="../../freepascal/rtl/inc/astrings.inc"/>
        <EditorIndex Value="-1"/>
        <TopLine Value="122"/>
        <CursorPos Y="150"/>
        <UsageCount Value="3"/>
      </Unit50>
      <Unit51>
        <Filename Value="../../freepascal/rtl/x86_64/x86_64.inc"/>
        <EditorIndex Value="-1"/>
        <TopLine Value="414"/>
        <CursorPos Y="430"/>
        <UsageCount Value="4"/>
      </Unit51>
      <Unit52>
        <Filename Value="../../freepascal/rtl/inc/heap.inc"/>
        <EditorIndex Value="-1"/>
        <TopLine Value="288"/>
        <CursorPos X="3" Y="291"/>
        <UsageCount Value="9"/>
      </Unit52>
      <Unit53>
        <Filename Value="../../freepascal/rtl/inc/cmem.pp"/>
        <EditorIndex Value="-1"/>
        <TopLine Value="54"/>
        <CursorPos Y="68"/>
        <UsageCount Value="4"/>
      </Unit53>
      <Unit54>
        <Filename Value="../../freepascal/rtl/x86_64/setjump.inc"/>
        <EditorIndex Value="-1"/>
        <TopLine Value="32"/>
        <CursorPos Y="60"/>
        <UsageCount Value="3"/>
      </Unit54>
      <Unit55>
        <Filename Value="../../lazarus/lcl/interfaces/gtk2/gtk2widgetset.inc"/>
        <EditorIndex Value="-1"/>
        <TopLine Value="2304"/>
        <CursorPos Y="2322"/>
        <UsageCount Value="5"/>
      </Unit55>
      <Unit56>
        <Filename Value="../../lazarus/lcl/include/application.inc"/>
        <EditorIndex Value="-1"/>
        <TopLine Value="361"/>
        <CursorPos Y="381"/>
        <UsageCount Value="5"/>
      </Unit56>
      <Unit57>
        <Filename Value="../../lazarus/components/lazutils/lazmethodlist.pas"/>
        <EditorIndex Value="-1"/>
        <TopLine Value="207"/>
        <CursorPos Y="238"/>
        <UsageCount Value="3"/>
      </Unit57>
      <Unit58>
        <Filename Value="../../freepascal/rtl/inc/dynarr.inc"/>
        <EditorIndex Value="-1"/>
        <TopLine Value="214"/>
        <CursorPos Y="241"/>
        <UsageCount Value="4"/>
      </Unit58>
      <Unit59>
        <Filename Value="../../freepascal/rtl/inc/system.inc"/>
        <EditorIndex Value="-1"/>
        <UsageCount Value="10"/>
      </Unit59>
      <Unit60>
        <Filename Value="../../freepascal/rtl/inc/objpas.inc"/>
        <EditorIndex Value="-1"/>
        <TopLine Value="270"/>
        <CursorPos X="9" Y="272"/>
        <UsageCount Value="9"/>
      </Unit60>
      <Unit61>
        <Filename Value="../../freepascal/rtl/x86_64/math.inc"/>
        <EditorIndex Value="-1"/>
        <TopLine Value="233"/>
        <CursorPos Y="261"/>
        <UsageCount Value="4"/>
      </Unit61>
      <Unit62>
        <Filename Value="../../freepascal/rtl/objpas/math.pp"/>
        <EditorIndex Value="-1"/>
        <TopLine Value="1020"/>
        <CursorPos Y="1040"/>
        <UsageCount Value="4"/>
      </Unit62>
      <Unit63>
        <Filename Value="../../lazarus/components/vlc/lclvlc.pp"/>
        <EditorIndex Value="-1"/>
        <TopLine Value="71"/>
        <CursorPos X="47" Y="90"/>
        <UsageCount Value="4"/>
      </Unit63>
      <Unit64>
        <Filename Value="../../lazarus/packager/registration/registerfcl.pas"/>
        <EditorIndex Value="-1"/>
        <TopLine Value="28"/>
        <CursorPos X="3" Y="43"/>
        <UsageCount Value="4"/>
      </Unit64>
      <Unit65>
        <Filename Value="../../fpc/share/src/fpc-2.7.1/fpc/packages/fcl-process/src/process.pp"/>
        <EditorIndex Value="-1"/>
        <UsageCount Value="4"/>
      </Unit65>
      <Unit66>
        <Filename Value="/usr/lib/codetyphon/typhon/lcl/lclclasses.pp"/>
        <EditorIndex Value="-1"/>
        <CursorPos X="10" Y="26"/>
        <UsageCount Value="4"/>
      </Unit66>
      <Unit67>
        <Filename Value="/usr/lib/codetyphon/typhon/components/pl_BGRAbitmap/source/bgradefaultbitmap.pas"/>
        <EditorIndex Value="-1"/>
        <TopLine Value="843"/>
        <CursorPos Y="870"/>
        <UsageCount Value="4"/>
      </Unit67>
      <Unit68>
        <Filename Value="../MyDrawGrid/my_drawgrid.pas"/>
        <EditorIndex Value="-1"/>
        <UsageCount Value="4"/>
      </Unit68>
      <Unit69>
        <Filename Value="../../units/resize.pas"/>
        <EditorIndex Value="-1"/>
        <TopLine Value="22"/>
        <CursorPos Y="22"/>
        <UsageCount Value="98"/>
      </Unit69>
      <Unit70>
        <Filename Value="../../Downloads/bgrabitmap/bgrabitmap.pas"/>
        <EditorIndex Value="-1"/>
        <TopLine Value="60"/>
        <CursorPos X="22" Y="75"/>
        <UsageCount Value="9"/>
      </Unit70>
      <Unit71>
        <Filename Value="../../Downloads/bgrabitmap/bgragtkbitmap.pas"/>
        <EditorIndex Value="-1"/>
        <TopLine Value="21"/>
        <CursorPos X="33" Y="36"/>
        <UsageCount Value="9"/>
      </Unit71>
      <Unit72>
        <Filename Value="/usr/lib/fpc/src/packages/fcl-extra/src/win/ServiceManager.pas"/>
        <EditorIndex Value="-1"/>
        <UsageCount Value="4"/>
      </Unit72>
      <Unit73>
        <Filename Value="../../freepascal/rtl/objpas/classes/classesh.inc"/>
        <EditorIndex Value="-1"/>
        <TopLine Value="424"/>
        <CursorPos X="15" Y="439"/>
        <UsageCount Value="10"/>
      </Unit73>
      <Unit74>
        <Filename Value="../../freepascal/rtl/objpas/classes/stringl.inc"/>
        <EditorIndex Value="-1"/>
        <TopLine Value="634"/>
        <CursorPos X="7" Y="628"/>
        <UsageCount Value="5"/>
      </Unit74>
      <Unit75>
        <Filename Value="../../freepascal/rtl/inc/wstringh.inc"/>
        <EditorIndex Value="-1"/>
        <TopLine Value="15"/>
        <CursorPos X="11" Y="29"/>
        <UsageCount Value="5"/>
      </Unit75>
      <Unit76>
        <Filename Value="../../freepascal/rtl/inc/wstrings.inc"/>
        <EditorIndex Value="-1"/>
        <TopLine Value="974"/>
        <CursorPos X="3" Y="979"/>
        <UsageCount Value="5"/>
      </Unit76>
      <Unit77>
        <Filename Value="../../freepascal/rtl/inc/systemh.inc"/>
        <EditorIndex Value="-1"/>
        <TopLine Value="266"/>
        <CursorPos X="3" Y="281"/>
        <UsageCount Value="5"/>
      </Unit77>
      <Unit78>
        <Filename Value="../../lazarus/lcl/include/custommemo.inc"/>
        <EditorIndex Value="-1"/>
        <TopLine Value="47"/>
        <CursorPos Y="63"/>
        <UsageCount Value="5"/>
      </Unit78>
      <Unit79>
        <Filename Value="../../lazarus/lcl/dynamicarray.pas"/>
        <EditorIndex Value="-1"/>
        <TopLine Value="111"/>
        <CursorPos Y="127"/>
        <UsageCount Value="9"/>
      </Unit79>
      <Unit80>
        <Filename Value="../../lazarus/lcl/include/canvas.inc"/>
        <EditorIndex Value="-1"/>
        <TopLine Value="1287"/>
        <CursorPos Y="1302"/>
        <UsageCount Value="10"/>
      </Unit80>
      <Unit81>
        <Filename Value="../../lazarus/lcl/include/rasterimage.inc"/>
        <EditorIndex Value="-1"/>
        <TopLine Value="810"/>
        <CursorPos Y="825"/>
        <UsageCount Value="5"/>
      </Unit81>
      <Unit82>
        <Filename Value="../../lazarus/lcl/include/custombitmap.inc"/>
        <EditorIndex Value="-1"/>
        <TopLine Value="477"/>
        <CursorPos Y="503"/>
        <UsageCount Value="5"/>
      </Unit82>
      <Unit83>
        <Filename Value="../../lazarus/lcl/intfgraphics.pas"/>
        <EditorIndex Value="-1"/>
        <TopLine Value="788"/>
        <CursorPos Y="805"/>
        <UsageCount Value="5"/>
      </Unit83>
      <Unit84>
        <Filename Value="../../lazarus/lcl/graphtype.pp"/>
        <EditorIndex Value="-1"/>
        <TopLine Value="544"/>
        <CursorPos Y="560"/>
        <UsageCount Value="5"/>
      </Unit84>
      <Unit85>
        <Filename Value="../../lazarus/lcl/include/lclintf.inc"/>
        <EditorIndex Value="-1"/>
        <TopLine Value="142"/>
        <CursorPos Y="158"/>
        <UsageCount Value="5"/>
      </Unit85>
      <Unit86>
        <Filename Value="../../lazarus/lcl/interfaces/gtk2/gtk2lclintf.inc"/>
        <EditorIndex Value="-1"/>
        <TopLine Value="474"/>
        <CursorPos Y="490"/>
        <UsageCount Value="5"/>
      </Unit86>
      <Unit87>
        <Filename Value="../../Downloads/bgra-controls-3.2-20140421/bgraimagelist.pas"/>
        <EditorIndex Value="-1"/>
        <TopLine Value="38"/>
        <CursorPos X="28" Y="53"/>
        <UsageCount Value="5"/>
      </Unit87>
      <Unit88>
        <Filename Value="../../lazarus/lcl/imglist.pp"/>
        <EditorIndex Value="-1"/>
        <TopLine Value="112"/>
        <CursorPos X="15" Y="127"/>
        <UsageCount Value="5"/>
      </Unit88>
      <Unit89>
        <Filename Value="../../lazarus/lcl/lclclasses.pp"/>
        <EditorIndex Value="-1"/>
        <TopLine Value="27"/>
        <CursorPos X="30" Y="42"/>
        <UsageCount Value="5"/>
      </Unit89>
      <Unit90>
        <Filename Value="../../freepascal/rtl/inc/objpash.inc"/>
        <EditorIndex Value="-1"/>
        <TopLine Value="178"/>
        <CursorPos X="23" Y="192"/>
        <UsageCount Value="9"/>
      </Unit90>
      <Unit91>
        <Filename Value="../../Downloads/bgrabitmap/bgrareadpng.pas"/>
        <EditorIndex Value="-1"/>
        <TopLine Value="265"/>
        <CursorPos X="31" Y="281"/>
        <UsageCount Value="5"/>
      </Unit91>
      <Unit92>
        <Filename Value="../MyDrawGrid/mygrids.pas"/>
        <UnitName Value="mygrids"/>
        <EditorIndex Value="4"/>
        <TopLine Value="112"/>
        <CursorPos Y="132"/>
        <UsageCount Value="43"/>
        <Loaded Value="True"/>
      </Unit92>
      <Unit93>
        <Filename Value="../../Downloads/PasLibVlc/source/PasLibVlcClassUnit.pas"/>
        <EditorIndex Value="-1"/>
        <TopLine Value="196"/>
        <CursorPos X="3" Y="196"/>
        <UsageCount Value="19"/>
        <DefaultSyntaxHighlighter Value="Delphi"/>
      </Unit93>
      <Unit94>
        <Filename Value="../../Downloads/PasLibVlc/source/PasLibVlcUnit.pas"/>
        <EditorIndex Value="-1"/>
        <TopLine Value="4107"/>
        <CursorPos X="3" Y="4122"/>
        <UsageCount Value="19"/>
        <DefaultSyntaxHighlighter Value="Delphi"/>
      </Unit94>
      <Unit95>
        <Filename Value="../../freepascal/rtl/inc/heaph.inc"/>
        <EditorIndex Value="-1"/>
        <TopLine Value="69"/>
        <CursorPos X="10" Y="91"/>
        <UsageCount Value="9"/>
      </Unit95>
      <Unit96>
        <Filename Value="../../Downloads/PasLibVlc/source/PasLibVlcPlayerUnit.pas"/>
        <EditorIndex Value="-1"/>
        <TopLine Value="258"/>
        <CursorPos X="27" Y="262"/>
        <UsageCount Value="9"/>
        <DefaultSyntaxHighlighter Value="Delphi"/>
      </Unit96>
      <Unit97>
        <Filename Value="../../lazarus/lcl/interfaces/gtk2/gtk2proc.inc"/>
        <EditorIndex Value="-1"/>
        <TopLine Value="1700"/>
        <CursorPos Y="1728"/>
        <UsageCount Value="10"/>
      </Unit97>
      <Unit98>
        <Filename Value="../../freepascal/rtl/linux/x86_64/sighnd.inc"/>
        <EditorIndex Value="-1"/>
        <UsageCount Value="10"/>
      </Unit98>
      <Unit99>
        <Filename Value="../../lazarus/lcl/include/customcontrol.inc"/>
        <EditorIndex Value="-1"/>
        <TopLine Value="57"/>
        <CursorPos X="86" Y="66"/>
        <UsageCount Value="10"/>
      </Unit99>
      <Unit100>
        <Filename Value="../units/resize.pas"/>
        <EditorIndex Value="-1"/>
        <WindowIndex Value="-1"/>
        <TopLine Value="-1"/>
        <CursorPos X="-1" Y="-1"/>
        <UsageCount Value="20"/>
      </Unit100>
      <Unit101>
        <Filename Value="../Imaging/Source/ImagingComponents.pas"/>
        <EditorIndex Value="-1"/>
        <TopLine Value="323"/>
        <CursorPos X="27" Y="339"/>
        <UsageCount Value="10"/>
        <DefaultSyntaxHighlighter Value="Delphi"/>
      </Unit101>
      <Unit102>
        <Filename Value="../../../freepascal/packages/fpgtk/src/editor/gtkdef.pp"/>
        <EditorIndex Value="-1"/>
        <UsageCount Value="10"/>
      </Unit102>
      <Unit103>
        <Filename Value="../Imaging/Source/ImagingExport.pas"/>
        <EditorIndex Value="-1"/>
        <TopLine Value="290"/>
        <CursorPos X="78" Y="306"/>
        <UsageCount Value="10"/>
        <DefaultSyntaxHighlighter Value="Delphi"/>
      </Unit103>
      <Unit104>
        <Filename Value="../Imaging/Source/Projects/vampyreimagingpackage.lpk"/>
        <EditorIndex Value="-1"/>
        <WindowIndex Value="-1"/>
        <TopLine Value="-1"/>
        <CursorPos X="-1" Y="-1"/>
        <UsageCount Value="20"/>
        <DefaultSyntaxHighlighter Value="XML"/>
      </Unit104>
      <Unit105>
        <Filename Value="../Imaging/Source/Imaging.pas"/>
        <EditorIndex Value="-1"/>
        <TopLine Value="76"/>
        <CursorPos X="7" Y="101"/>
        <UsageCount Value="10"/>
        <DefaultSyntaxHighlighter Value="Delphi"/>
      </Unit105>
      <Unit106>
        <Filename Value="../../../Downloads/bgrabitmap/bgradefaultbitmap.pas"/>
        <UnitName Value="BGRADefaultBitmap"/>
        <EditorIndex Value="-1"/>
        <TopLine Value="22"/>
        <CursorPos X="44" Y="27"/>
        <UsageCount Value="10"/>
      </Unit106>
      <Unit107>
        <Filename Value="../../../lazarus/lcl/grids.pas"/>
        <UnitName Value="Grids"/>
        <EditorIndex Value="3"/>
        <TopLine Value="9214"/>
        <CursorPos X="24" Y="9231"/>
        <UsageCount Value="10"/>
        <Loaded Value="True"/>
      </Unit107>
    </Units>
    <JumpHistory Count="30" HistoryIndex="29">
      <Position1>
        <Filename Value="../MyDrawGrid/mygrids.pas"/>
        <Caret Line="58" TopLine="45"/>
      </Position1>
      <Position2>
        <Filename Value="../MyDrawGrid/mygrids.pas"/>
        <Caret Line="59" TopLine="45"/>
      </Position2>
      <Position3>
        <Filename Value="../MyDrawGrid/mygrids.pas"/>
        <Caret Line="60" TopLine="45"/>
      </Position3>
      <Position4>
        <Filename Value="../MyDrawGrid/mygrids.pas"/>
        <Caret Line="62" TopLine="45"/>
      </Position4>
      <Position5>
        <Filename Value="../MyDrawGrid/mygrids.pas"/>
        <Caret Line="63" TopLine="45"/>
      </Position5>
      <Position6>
        <Filename Value="../MyDrawGrid/mygrids.pas"/>
        <Caret Line="64" TopLine="45"/>
      </Position6>
      <Position7>
        <Filename Value="../MyDrawGrid/mygrids.pas"/>
        <Caret Line="65" TopLine="45"/>
      </Position7>
      <Position8>
        <Filename Value="../MyDrawGrid/mygrids.pas"/>
        <Caret Line="66" TopLine="45"/>
      </Position8>
      <Position9>
        <Filename Value="../MyDrawGrid/mygrids.pas"/>
        <Caret Line="68" TopLine="45"/>
      </Position9>
      <Position10>
        <Filename Value="../MyDrawGrid/mydrawgrid.pas"/>
        <Caret Line="278" Column="25" TopLine="257"/>
      </Position10>
      <Position11>
        <Filename Value="../MyDrawGrid/mydrawgrid.pas"/>
        <Caret Line="325" TopLine="310"/>
      </Position11>
      <Position12>
        <Filename Value="../MyDrawGrid/mydrawgrid.pas"/>
        <Caret Line="27" Column="54" TopLine="12"/>
      </Position12>
      <Position13>
        <Filename Value="../MyDrawGrid/mygrids.pas"/>
        <Caret Line="132" Column="11" TopLine="112"/>
      </Position13>
      <Position14>
        <Filename Value="../MyDrawGrid/mydrawgrid.pas"/>
        <Caret Line="277" TopLine="263"/>
      </Position14>
      <Position15>
        <Filename Value="data.pas"/>
        <Caret Line="296" Column="16" TopLine="278"/>
      </Position15>
      <Position16>
        <Filename Value="../MyDrawGrid/mydrawgrid.pas"/>
        <Caret Line="42" Column="18" TopLine="23"/>
      </Position16>
      <Position17>
        <Filename Value="../MyDrawGrid/mydrawgrid.pas"/>
        <Caret Line="17" Column="31"/>
      </Position17>
      <Position18>
        <Filename Value="../../../lazarus/lcl/grids.pas"/>
        <Caret Line="1218" Column="32" TopLine="1203"/>
      </Position18>
      <Position19>
        <Filename Value="../MyDrawGrid/mydrawgrid.pas"/>
        <Caret Line="41" Column="19" TopLine="20"/>
      </Position19>
      <Position20>
        <Filename Value="../../../lazarus/lcl/grids.pas"/>
        <Caret Line="9996" Column="16" TopLine="9992"/>
      </Position20>
      <Position21>
        <Filename Value="../../../lazarus/lcl/grids.pas"/>
        <Caret Line="1235" Column="18" TopLine="1224"/>
      </Position21>
      <Position22>
        <Filename Value="../../../lazarus/lcl/grids.pas"/>
        <Caret Line="9228" Column="41" TopLine="9214"/>
      </Position22>
      <Position23>
        <Filename Value="data.pas"/>
        <Caret Line="315" Column="15" TopLine="299"/>
      </Position23>
      <Position24>
        <Filename Value="../MyDrawGrid/mydrawgrid.pas"/>
        <Caret Line="41" Column="19" TopLine="20"/>
      </Position24>
      <Position25>
        <Filename Value="data.pas"/>
        <Caret Line="311" Column="23" TopLine="300"/>
      </Position25>
      <Position26>
        <Filename Value="data.pas"/>
        <Caret Line="317" Column="27" TopLine="300"/>
      </Position26>
      <Position27>
        <Filename Value="data.pas"/>
        <Caret Line="312" Column="45"/>
      </Position27>
      <Position28>
        <Filename Value="data.pas"/>
        <Caret Line="317" Column="51" TopLine="302"/>
      </Position28>
      <Position29>
        <Filename Value="data.pas"/>
        <Caret Line="315" TopLine="302"/>
      </Position29>
      <Position30>
        <Filename Value="data.pas"/>
        <Caret Line="317" Column="56" TopLine="302"/>
      </Position30>
    </JumpHistory>
  </ProjectOptions>
  <CompilerOptions>
    <Version Value="11"/>
    <Target>
      <Filename Value="Main"/>
    </Target>
    <SearchPaths>
      <IncludeFiles Value="$(ProjOutDir)"/>
      <UnitOutputDirectory Value="lib/$(TargetCPU)-$(TargetOS)"/>
    </SearchPaths>
    <Parsing>
      <SyntaxOptions>
        <IncludeAssertionCode Value="True"/>
      </SyntaxOptions>
    </Parsing>
    <CodeGeneration>
      <Checks>
        <IOChecks Value="True"/>
        <OverflowChecks Value="True"/>
        <StackChecks Value="True"/>
      </Checks>
    </CodeGeneration>
    <Linking>
      <Debugging>
        <DebugInfoType Value="dsDwarf2"/>
        <UseHeaptrc Value="True"/>
        <UseExternalDbgSyms Value="True"/>
      </Debugging>
      <Options>
        <Win32>
          <GraphicApplication Value="True"/>
        </Win32>
      </Options>
    </Linking>
  </CompilerOptions>
  <Debugging>
    <BreakPoints Count="3">
      <Item1>
        <Kind Value="bpkSource"/>
        <WatchScope Value="wpsLocal"/>
        <WatchKind Value="wpkWrite"/>
        <BreakHitCount Value="5"/>
        <Source Value="../MyDrawGrid/mydrawgrid.pas"/>
        <InitialEnabled Value="False"/>
        <Line Value="229"/>
      </Item1>
      <Item2>
        <Kind Value="bpkSource"/>
        <WatchScope Value="wpsLocal"/>
        <WatchKind Value="wpkWrite"/>
        <BreakHitCount Value="5"/>
        <Source Value="../MyDrawGrid/mydrawgrid.pas"/>
        <InitialEnabled Value="False"/>
        <Line Value="231"/>
      </Item2>
      <Item3>
        <Kind Value="bpkSource"/>
        <WatchScope Value="wpsLocal"/>
        <WatchKind Value="wpkWrite"/>
        <BreakHitCount Value="5"/>
        <Source Value="../MyDrawGrid/mydrawgrid.pas"/>
        <InitialEnabled Value="False"/>
        <Line Value="230"/>
      </Item3>
    </BreakPoints>
    <Exceptions Count="4">
      <Item1>
        <Name Value="EAbort"/>
      </Item1>
      <Item2>
        <Name Value="ECodetoolError"/>
      </Item2>
      <Item3>
        <Name Value="EFOpenError"/>
      </Item3>
      <Item4>
        <Name Value="Exception"/>
      </Item4>
    </Exceptions>
  </Debugging>
</CONFIG>