<?xml version="1.0" encoding="UTF-8"?>
<CONFIG>
  <ProjectOptions>
    <Version Value="9"/>
    <General>
      <Flags>
        <AlwaysBuild Value="True"/>
        <LRSInOutputDirectory Value="False"/>
      </Flags>
      <MainUnit Value="0"/>
      <Title Value="Main"/>
      <ResourceType Value="res"/>
      <UseXPManifest Value="True"/>
      <XPManifest>
        <DpiAware Value="True"/>
      </XPManifest>
    </General>
    <i18n>
      <EnableI18N LFM="False"/>
    </i18n>
    <VersionInfo>
      <UseVersionInfo Value="True"/>
      <AutoIncrementBuild Value="True"/>
      <BuildNr Value="36"/>
      <Attributes pvaDebug="True" pvaPreRelease="True"/>
      <StringTable ProductVersion=""/>
    </VersionInfo>
    <BuildModes Count="4" Active="Debug">
      <Item1 Name="Debug" Default="True"/>
      <Item2 Name="Release">
        <CompilerOptions>
          <Version Value="11"/>
          <Target>
            <Filename Value="Main"/>
          </Target>
          <SearchPaths>
            <IncludeFiles Value="$(ProjOutDir)"/>
            <UnitOutputDirectory Value="lib/$(TargetCPU)-$(TargetOS)"/>
          </SearchPaths>
          <CodeGeneration>
            <SmartLinkUnit Value="True"/>
            <Optimizations>
              <OptimizationLevel Value="3"/>
            </Optimizations>
            <SmallerCode Value="True"/>
          </CodeGeneration>
          <Linking>
            <Debugging>
              <GenerateDebugInfo Value="False"/>
            </Debugging>
            <LinkSmart Value="True"/>
            <Options>
              <Win32>
                <GraphicApplication Value="True"/>
              </Win32>
            </Options>
          </Linking>
        </CompilerOptions>
      </Item2>
      <Item3 Name="Debug-win">
        <CompilerOptions>
          <Version Value="11"/>
          <Target>
            <Filename Value="Main"/>
          </Target>
          <SearchPaths>
            <IncludeFiles Value="$(ProjOutDir)"/>
            <UnitOutputDirectory Value="lib/$(TargetCPU)-$(TargetOS)"/>
          </SearchPaths>
          <Parsing>
            <SyntaxOptions>
              <IncludeAssertionCode Value="True"/>
            </SyntaxOptions>
          </Parsing>
          <CodeGeneration>
            <Checks>
              <IOChecks Value="True"/>
              <RangeChecks Value="True"/>
              <OverflowChecks Value="True"/>
              <StackChecks Value="True"/>
            </Checks>
            <TargetCPU Value="x86_64"/>
            <TargetOS Value="win64"/>
          </CodeGeneration>
          <Linking>
            <Debugging>
              <DebugInfoType Value="dsDwarf2Set"/>
              <UseHeaptrc Value="True"/>
              <UseExternalDbgSyms Value="True"/>
            </Debugging>
            <Options>
              <Win32>
                <GraphicApplication Value="True"/>
              </Win32>
            </Options>
          </Linking>
        </CompilerOptions>
      </Item3>
      <Item4 Name="Release-win">
        <CompilerOptions>
          <Version Value="11"/>
          <Target>
            <Filename Value="Main"/>
          </Target>
          <SearchPaths>
            <IncludeFiles Value="$(ProjOutDir)"/>
            <UnitOutputDirectory Value="lib/$(TargetCPU)-$(TargetOS)"/>
          </SearchPaths>
          <CodeGeneration>
            <SmartLinkUnit Value="True"/>
            <TargetCPU Value="x86_64"/>
            <TargetOS Value="win64"/>
            <Optimizations>
              <OptimizationLevel Value="3"/>
            </Optimizations>
            <SmallerCode Value="True"/>
          </CodeGeneration>
          <Linking>
            <Debugging>
              <GenerateDebugInfo Value="False"/>
            </Debugging>
            <LinkSmart Value="True"/>
            <Options>
              <Win32>
                <GraphicApplication Value="True"/>
              </Win32>
            </Options>
          </Linking>
        </CompilerOptions>
      </Item4>
    </BuildModes>
    <PublishOptions>
      <Version Value="2"/>
    </PublishOptions>
    <RunParams>
      <local>
        <FormatVersion Value="1"/>
        <Display Value=":1"/>
      </local>
    </RunParams>
    <RequiredPackages Count="6">
      <Item1>
        <PackageName Value="PasLibVlcPlayer"/>
      </Item1>
      <Item2>
        <PackageName Value="bgracontrols"/>
      </Item2>
      <Item3>
        <PackageName Value="my_drawgrid"/>
      </Item3>
      <Item4>
        <PackageName Value="BGRABitmapPack"/>
      </Item4>
      <Item5>
        <PackageName Value="FCL"/>
      </Item5>
      <Item6>
        <PackageName Value="LCL"/>
      </Item6>
    </RequiredPackages>
    <Units Count="38">
      <Unit0>
        <Filename Value="Main.lpr"/>
        <IsPartOfProject Value="True"/>
        <EditorIndex Value="-1"/>
        <CursorPos X="50" Y="6"/>
        <UsageCount Value="200"/>
      </Unit0>
      <Unit1>
        <Filename Value="main_code.pas"/>
        <IsPartOfProject Value="True"/>
        <ComponentName Value="Form1"/>
        <HasResources Value="True"/>
        <ResourceBaseClass Value="Form"/>
        <UnitName Value="main_code"/>
        <TopLine Value="114"/>
        <CursorPos X="8" Y="133"/>
        <ComponentState Value="1"/>
        <UsageCount Value="200"/>
        <Loaded Value="True"/>
        <LoadedDesigner Value="True"/>
      </Unit1>
      <Unit2>
        <Filename Value="data.pas"/>
        <IsPartOfProject Value="True"/>
        <UnitName Value="Data"/>
        <IsVisibleTab Value="True"/>
        <EditorIndex Value="1"/>
        <TopLine Value="389"/>
        <CursorPos X="17" Y="401"/>
        <UsageCount Value="200"/>
        <Loaded Value="True"/>
      </Unit2>
      <Unit3>
        <Filename Value="versionsupport.pas"/>
        <IsPartOfProject Value="True"/>
        <EditorIndex Value="-1"/>
        <TopLine Value="221"/>
        <CursorPos X="3" Y="237"/>
        <UsageCount Value="200"/>
      </Unit3>
      <Unit4>
        <Filename Value="uabout.pas"/>
        <IsPartOfProject Value="True"/>
        <ComponentName Value="frmAbout"/>
        <HasResources Value="True"/>
        <ResourceBaseClass Value="Form"/>
        <EditorIndex Value="-1"/>
        <CursorPos X="35" Y="8"/>
        <UsageCount Value="200"/>
      </Unit4>
      <Unit5>
        <Filename Value="settings.pas"/>
        <IsPartOfProject Value="True"/>
        <ComponentName Value="frmSettings"/>
        <HasResources Value="True"/>
        <ResourceBaseClass Value="Form"/>
        <EditorIndex Value="-1"/>
        <TopLine Value="165"/>
        <CursorPos X="3" Y="191"/>
        <UsageCount Value="200"/>
      </Unit5>
      <Unit6>
        <Filename Value="projector.pas"/>
        <IsPartOfProject Value="True"/>
        <ComponentName Value="frmProjector"/>
        <HasResources Value="True"/>
        <ResourceBaseClass Value="Form"/>
        <EditorIndex Value="-1"/>
        <TopLine Value="65"/>
        <CursorPos X="70" Y="80"/>
        <UsageCount Value="200"/>
      </Unit6>
      <Unit7>
        <Filename Value="slideeditor.pas"/>
        <IsPartOfProject Value="True"/>
        <ComponentName Value="frmSlideEditor"/>
        <HasResources Value="True"/>
        <ResourceBaseClass Value="Form"/>
        <EditorIndex Value="-1"/>
        <TopLine Value="131"/>
        <CursorPos X="32" Y="131"/>
        <UsageCount Value="200"/>
      </Unit7>
      <Unit8>
        <Filename Value="../../lazarus/lcl/grids.pas"/>
        <EditorIndex Value="-1"/>
        <WindowIndex Value="-1"/>
        <TopLine Value="10079"/>
        <CursorPos X="21" Y="10181"/>
        <UsageCount Value="6"/>
      </Unit8>
      <Unit9>
        <Filename Value="../MyDrawGrid/mydrawgrid.pas"/>
        <EditorIndex Value="-1"/>
        <TopLine Value="201"/>
        <CursorPos Y="225"/>
        <UsageCount Value="97"/>
      </Unit9>
      <Unit10>
        <Filename Value="resize.pas"/>
        <EditorIndex Value="-1"/>
        <TopLine Value="62"/>
        <CursorPos X="77" Y="79"/>
        <UsageCount Value="18"/>
      </Unit10>
      <Unit11>
        <Filename Value="../MyDrawGrid/resize.pas"/>
        <EditorIndex Value="-1"/>
        <TopLine Value="60"/>
        <CursorPos X="39" Y="66"/>
        <UsageCount Value="3"/>
      </Unit11>
      <Unit12>
        <Filename Value="../../units/resize.pas"/>
        <EditorIndex Value="-1"/>
        <TopLine Value="22"/>
        <CursorPos Y="22"/>
        <UsageCount Value="73"/>
      </Unit12>
      <Unit13>
        <Filename Value="../MyDrawGrid/mygrids.pas"/>
        <EditorIndex Value="-1"/>
        <TopLine Value="15"/>
        <CursorPos X="3" Y="15"/>
        <UsageCount Value="58"/>
      </Unit13>
      <Unit14>
        <Filename Value="../units/resize.pas"/>
        <UnitName Value="resize"/>
        <EditorIndex Value="-1"/>
        <TopLine Value="8"/>
        <CursorPos X="3" Y="21"/>
        <UsageCount Value="51"/>
      </Unit14>
      <Unit15>
        <Filename Value="../../../lazarus/lcl/grids.pas"/>
        <EditorIndex Value="-1"/>
        <TopLine Value="3499"/>
        <CursorPos Y="3513"/>
        <UsageCount Value="4"/>
      </Unit15>
      <Unit16>
        <Filename Value="../../../lazarus/lcl/include/control.inc"/>
        <EditorIndex Value="-1"/>
        <TopLine Value="2092"/>
        <CursorPos Y="2107"/>
        <UsageCount Value="29"/>
      </Unit16>
      <Unit17>
        <Filename Value="../../../lazarus/lcl/interfaces/gtk2/gtk2widgetset.inc"/>
        <EditorIndex Value="-1"/>
        <TopLine Value="2388"/>
        <CursorPos Y="2404"/>
        <UsageCount Value="10"/>
      </Unit17>
      <Unit18>
        <Filename Value="log.pas"/>
        <IsPartOfProject Value="True"/>
        <ComponentName Value="frmLog"/>
        <HasResources Value="True"/>
        <ResourceBaseClass Value="Form"/>
        <EditorIndex Value="-1"/>
        <TopLine Value="19"/>
        <CursorPos X="9" Y="42"/>
        <UsageCount Value="219"/>
      </Unit18>
      <Unit19>
        <Filename Value="lib/x86_64-linux/Main.lrs"/>
        <EditorIndex Value="-1"/>
        <UsageCount Value="1"/>
      </Unit19>
      <Unit20>
        <Filename Value="thread.pas"/>
        <IsPartOfProject Value="True"/>
        <EditorIndex Value="-1"/>
        <TopLine Value="108"/>
        <CursorPos X="8" Y="118"/>
        <UsageCount Value="215"/>
      </Unit20>
      <Unit21>
        <Filename Value="../../../freepascal/rtl/inc/heaptrc.pp"/>
        <EditorIndex Value="-1"/>
        <TopLine Value="64"/>
        <UsageCount Value="10"/>
      </Unit21>
      <Unit22>
        <Filename Value="../../../lazarus/lcl/lclproc.pas"/>
        <EditorIndex Value="-1"/>
        <TopLine Value="807"/>
        <CursorPos Y="818"/>
        <UsageCount Value="1"/>
      </Unit22>
      <Unit23>
        <Filename Value="../../../lazarus/lcl/actnlist.pas"/>
        <EditorIndex Value="-1"/>
        <TopLine Value="183"/>
        <CursorPos X="14" Y="197"/>
        <UsageCount Value="10"/>
      </Unit23>
      <Unit24>
        <Filename Value="../../../lazarus/components/lazutils/avglvltree.pas"/>
        <EditorIndex Value="-1"/>
        <TopLine Value="1466"/>
        <CursorPos Y="1482"/>
        <UsageCount Value="10"/>
      </Unit24>
      <Unit25>
        <Filename Value="../../../lazarus/components/PascalScript/Source/x64.inc"/>
        <EditorIndex Value="-1"/>
        <TopLine Value="242"/>
        <CursorPos X="37" Y="257"/>
        <UsageCount Value="10"/>
      </Unit25>
      <Unit26>
        <Filename Value="../../../freepascal/rtl/inc/cmem.pp"/>
        <EditorIndex Value="-1"/>
        <TopLine Value="16"/>
        <UsageCount Value="10"/>
      </Unit26>
      <Unit27>
        <Filename Value="../../../freepascal/rtl/inc/objpas.inc"/>
        <EditorIndex Value="-1"/>
        <TopLine Value="270"/>
        <CursorPos X="21" Y="280"/>
        <UsageCount Value="6"/>
      </Unit27>
      <Unit28>
        <Filename Value="../../../lazarus/lcl/include/winapi.inc"/>
        <EditorIndex Value="-1"/>
        <TopLine Value="159"/>
        <CursorPos Y="175"/>
        <UsageCount Value="1"/>
      </Unit28>
      <Unit29>
        <Filename Value="../../../freepascal/rtl/objpas/sysutils/sysutilh.inc"/>
        <EditorIndex Value="-1"/>
        <TopLine Value="275"/>
        <CursorPos X="13" Y="290"/>
        <UsageCount Value="1"/>
      </Unit29>
      <Unit30>
        <Filename Value="../../../freepascal/rtl/objpas/sysutils/sysutils.inc"/>
        <EditorIndex Value="-1"/>
        <TopLine Value="135"/>
        <CursorPos X="9" Y="151"/>
        <UsageCount Value="1"/>
      </Unit30>
      <Unit31>
        <Filename Value="../../../lazarus/lcl/include/canvas.inc"/>
        <EditorIndex Value="-1"/>
        <CursorPos Y="25"/>
        <UsageCount Value="1"/>
      </Unit31>
      <Unit32>
        <Filename Value="../../../lazarus/lcl/include/customcontrol.inc"/>
        <EditorIndex Value="-1"/>
        <TopLine Value="101"/>
        <CursorPos Y="107"/>
        <UsageCount Value="1"/>
      </Unit32>
      <Unit33>
        <Filename Value="../../../lazarus/lcl/include/wincontrol.inc"/>
        <EditorIndex Value="-1"/>
        <TopLine Value="6642"/>
        <CursorPos Y="6657"/>
        <UsageCount Value="1"/>
      </Unit33>
      <Unit34>
        <Filename Value="../../../lazarus/lcl/forms.pp"/>
        <UnitName Value="Forms"/>
        <EditorIndex Value="-1"/>
        <TopLine Value="1231"/>
        <CursorPos X="27" Y="1262"/>
        <UsageCount Value="28"/>
      </Unit34>
      <Unit35>
        <Filename Value="../../../lazarus/lcl/include/application.inc"/>
        <EditorIndex Value="-1"/>
        <TopLine Value="1074"/>
        <CursorPos X="23" Y="1088"/>
        <UsageCount Value="6"/>
      </Unit35>
      <Unit36>
        <Filename Value="../../../freepascal/rtl/inc/objpash.inc"/>
        <EditorIndex Value="-1"/>
        <TopLine Value="179"/>
        <CursorPos X="22" Y="194"/>
        <UsageCount Value="6"/>
      </Unit36>
      <Unit37>
        <Filename Value="../../../freepascal/packages/fcl-base/src/custapp.pp"/>
        <EditorIndex Value="-1"/>
        <TopLine Value="19"/>
        <CursorPos X="91" Y="18"/>
        <UsageCount Value="6"/>
      </Unit37>
    </Units>
    <JumpHistory Count="10" HistoryIndex="9">
      <Position1>
        <Filename Value="main_code.pas"/>
        <Caret Line="5" Column="51"/>
      </Position1>
      <Position2>
        <Filename Value="main_code.pas"/>
        <Caret Line="303" Column="18" TopLine="289"/>
      </Position2>
      <Position3>
        <Filename Value="main_code.pas"/>
        <Caret Line="8" Column="73" TopLine="4"/>
      </Position3>
      <Position4>
        <Filename Value="main_code.pas"/>
        <Caret Line="296" Column="3" TopLine="288"/>
      </Position4>
      <Position5>
        <Filename Value="main_code.pas"/>
        <Caret Line="305" Column="3" TopLine="302"/>
      </Position5>
      <Position6>
        <Filename Value="main_code.pas"/>
        <Caret Line="296" Column="5" TopLine="288"/>
      </Position6>
      <Position7>
        <Filename Value="main_code.pas"/>
        <Caret Line="305" Column="3" TopLine="302"/>
      </Position7>
      <Position8>
        <Filename Value="main_code.pas"/>
        <Caret Line="293" Column="5" TopLine="288"/>
      </Position8>
      <Position9>
        <Filename Value="main_code.pas"/>
        <Caret Line="307" Column="27" TopLine="302"/>
      </Position9>
      <Position10>
        <Filename Value="main_code.pas"/>
        <Caret Line="133" Column="8" TopLine="114"/>
      </Position10>
    </JumpHistory>
  </ProjectOptions>
  <CompilerOptions>
    <Version Value="11"/>
    <Target>
      <Filename Value="Main"/>
    </Target>
    <SearchPaths>
      <IncludeFiles Value="$(ProjOutDir)"/>
      <UnitOutputDirectory Value="lib/$(TargetCPU)-$(TargetOS)"/>
    </SearchPaths>
    <Parsing>
      <SyntaxOptions>
        <IncludeAssertionCode Value="True"/>
      </SyntaxOptions>
    </Parsing>
    <CodeGeneration>
      <Checks>
        <IOChecks Value="True"/>
        <OverflowChecks Value="True"/>
        <StackChecks Value="True"/>
      </Checks>
      <VerifyObjMethodCallValidity Value="True"/>
    </CodeGeneration>
    <Linking>
      <Debugging>
        <DebugInfoType Value="dsDwarf2"/>
        <UseExternalDbgSyms Value="True"/>
      </Debugging>
      <Options>
        <Win32>
          <GraphicApplication Value="True"/>
        </Win32>
      </Options>
    </Linking>
    <Other>
      <CompilerMessages>
        <IgnoredMessages idx6017="True" idx5028="True" idx5027="True" idx5025="True" idx5024="True"/>
      </CompilerMessages>
      <CustomOptions Value="-Sc"/>
    </Other>
  </CompilerOptions>
  <Debugging>
    <BreakPoints Count="1">
      <Item1>
        <Kind Value="bpkSource"/>
        <WatchScope Value="wpsLocal"/>
        <WatchKind Value="wpkWrite"/>
        <Source Value="../../../lazarus/lcl/include/application.inc"/>
        <Line Value="1086"/>
        <Actions Stop="False"/>
      </Item1>
    </BreakPoints>
    <Watches Count="4">
      <Item1>
        <Expression Value="bitm"/>
      </Item1>
      <Item2>
        <Expression Value="CellImage[ACol, ARow]"/>
      </Item2>
      <Item3>
        <Expression Value="TSlide(C^.Data)"/>
      </Item3>
      <Item4>
        <Expression Value="List.Count"/>
      </Item4>
    </Watches>
    <Exceptions Count="4">
      <Item1>
        <Name Value="EAbort"/>
      </Item1>
      <Item2>
        <Name Value="ECodetoolError"/>
      </Item2>
      <Item3>
        <Name Value="EFOpenError"/>
      </Item3>
      <Item4>
        <Name Value="Exception"/>
      </Item4>
    </Exceptions>
  </Debugging>
</CONFIG>